// !$*UTF8*$!
{
	archiveVersion = 1;
	classes = {
	};
	objectVersion = 50;
	objects = {

/* Begin PBXBuildFile section */
		ABF4F70D214EE1790091EDA2 /* AppDelegate.swift in Sources */ = {isa = PBXBuildFile; fileRef = ABF4F70C214EE1790091EDA2 /* AppDelegate.swift */; };
		ABF4F70F214EE1790091EDA2 /* ViewController.swift in Sources */ = {isa = PBXBuildFile; fileRef = ABF4F70E214EE1790091EDA2 /* ViewController.swift */; };
		ABF4F712214EE1790091EDA2 /* Main.storyboard in Resources */ = {isa = PBXBuildFile; fileRef = ABF4F710214EE1790091EDA2 /* Main.storyboard */; };
		ABF4F715214EE1790091EDA2 /* ImagesAndCamera.xcdatamodeld in Sources */ = {isa = PBXBuildFile; fileRef = ABF4F713214EE1790091EDA2 /* ImagesAndCamera.xcdatamodeld */; };
		ABF4F717214EE17A0091EDA2 /* Assets.xcassets in Resources */ = {isa = PBXBuildFile; fileRef = ABF4F716214EE17A0091EDA2 /* Assets.xcassets */; };
		ABF4F71A214EE17A0091EDA2 /* LaunchScreen.storyboard in Resources */ = {isa = PBXBuildFile; fileRef = ABF4F718214EE17A0091EDA2 /* LaunchScreen.storyboard */; };
/* End PBXBuildFile section */

/* Begin PBXFileReference section */
		ABF4F709214EE1790091EDA2 /* ImagesAndCamera.app */ = {isa = PBXFileReference; explicitFileType = wrapper.application; includeInIndex = 0; path = ImagesAndCamera.app; sourceTree = BUILT_PRODUCTS_DIR; };
		ABF4F70C214EE1790091EDA2 /* AppDelegate.swift */ = {isa = PBXFileReference; lastKnownFileType = sourcecode.swift; path = AppDelegate.swift; sourceTree = "<group>"; };
		ABF4F70E214EE1790091EDA2 /* ViewController.swift */ = {isa = PBXFileReference; lastKnownFileType = sourcecode.swift; path = ViewController.swift; sourceTree = "<group>"; };
		ABF4F711214EE1790091EDA2 /* Base */ = {isa = PBXFileReference; lastKnownFileType = file.storyboard; name = Base; path = Base.lproj/Main.storyboard; sourceTree = "<group>"; };
		ABF4F714214EE1790091EDA2 /* ImagesAndCamera.xcdatamodel */ = {isa = PBXFileReference; lastKnownFileType = wrapper.xcdatamodel; path = ImagesAndCamera.xcdatamodel; sourceTree = "<group>"; };
		ABF4F716214EE17A0091EDA2 /* Assets.xcassets */ = {isa = PBXFileReference; lastKnownFileType = folder.assetcatalog; path = Assets.xcassets; sourceTree = "<group>"; };
		ABF4F719214EE17A0091EDA2 /* Base */ = {isa = PBXFileReference; lastKnownFileType = file.storyboard; name = Base; path = Base.lproj/LaunchScreen.storyboard; sourceTree = "<group>"; };
		ABF4F71B214EE17A0091EDA2 /* Info.plist */ = {isa = PBXFileReference; lastKnownFileType = text.plist.xml; path = Info.plist; sourceTree = "<group>"; };
/* End PBXFileReference section */

/* Begin PBXFrameworksBuildPhase section */
		ABF4F706214EE1790091EDA2 /* Frameworks */ = {
			isa = PBXFrameworksBuildPhase;
			buildActionMask = 2147483647;
			files = (
			);
			runOnlyForDeploymentPostprocessing = 0;
		};
/* End PBXFrameworksBuildPhase section */

/* Begin PBXGroup section */
		ABF4F700214EE1780091EDA2 = {
			isa = PBXGroup;
			children = (
				ABF4F70B214EE1790091EDA2 /* ImagesAndCamera */,
				ABF4F70A214EE1790091EDA2 /* Products */,
			);
			sourceTree = "<group>";
		};
		ABF4F70A214EE1790091EDA2 /* Products */ = {
			isa = PBXGroup;
			children = (
				ABF4F709214EE1790091EDA2 /* ImagesAndCamera.app */,
			);
			name = Products;
			sourceTree = "<group>";
		};
		ABF4F70B214EE1790091EDA2 /* ImagesAndCamera */ = {
			isa = PBXGroup;
			children = (
				ABF4F70C214EE1790091EDA2 /* AppDelegate.swift */,
				ABF4F70E214EE1790091EDA2 /* ViewController.swift */,
				ABF4F710214EE1790091EDA2 /* Main.storyboard */,
				ABF4F716214EE17A0091EDA2 /* Assets.xcassets */,
				ABF4F718214EE17A0091EDA2 /* LaunchScreen.storyboard */,
				ABF4F71B214EE17A0091EDA2 /* Info.plist */,
				ABF4F713214EE1790091EDA2 /* ImagesAndCamera.xcdatamodeld */,
			);
			path = ImagesAndCamera;
			sourceTree = "<group>";
		};
/* End PBXGroup section */

/* Begin PBXNativeTarget section */
		ABF4F708214EE1790091EDA2 /* ImagesAndCamera */ = {
			isa = PBXNativeTarget;
			buildConfigurationList = ABF4F71E214EE17A0091EDA2 /* Build configuration list for PBXNativeTarget "ImagesAndCamera" */;
			buildPhases = (
				ABF4F705214EE1790091EDA2 /* Sources */,
				ABF4F706214EE1790091EDA2 /* Frameworks */,
				ABF4F707214EE1790091EDA2 /* Resources */,
			);
			buildRules = (
			);
			dependencies = (
			);
			name = ImagesAndCamera;
			productName = ImagesAndCamera;
			productReference = ABF4F709214EE1790091EDA2 /* ImagesAndCamera.app */;
			productType = "com.apple.product-type.application";
		};
/* End PBXNativeTarget section */

/* Begin PBXProject section */
		ABF4F701214EE1780091EDA2 /* Project object */ = {
			isa = PBXProject;
			attributes = {
				LastSwiftUpdateCheck = 0940;
				LastUpgradeCheck = 0940;
				ORGANIZATIONNAME = "radhika santapuri";
				TargetAttributes = {
					ABF4F708214EE1790091EDA2 = {
						CreatedOnToolsVersion = 9.4.1;
					};
				};
			};
			buildConfigurationList = ABF4F704214EE1780091EDA2 /* Build configuration list for PBXProject "ImagesAndCamera" */;
			compatibilityVersion = "Xcode 9.3";
			developmentRegion = en;
			hasScannedForEncodings = 0;
			knownRegions = (
				en,
				Base,
			);
			mainGroup = ABF4F700214EE1780091EDA2;
			productRefGroup = ABF4F70A214EE1790091EDA2 /* Products */;
			projectDirPath = "";
			projectRoot = "";
			targets = (
				ABF4F708214EE1790091EDA2 /* ImagesAndCamera */,
			);
		};
/* End PBXProject section */

/* Begin PBXResourcesBuildPhase section */
		ABF4F707214EE1790091EDA2 /* Resources */ = {
			isa = PBXResourcesBuildPhase;
			buildActionMask = 2147483647;
			files = (
				ABF4F71A214EE17A0091EDA2 /* LaunchScreen.storyboard in Resources */,
				ABF4F717214EE17A0091EDA2 /* Assets.xcassets in Resources */,
				ABF4F712214EE1790091EDA2 /* Main.storyboard in Resources */,
			);
			runOnlyForDeploymentPostprocessing = 0;
		};
/* End PBXResourcesBuildPhase section */

/* Begin PBXSourcesBuildPhase section */
		ABF4F705214EE1790091EDA2 /* Sources */ = {
			isa = PBXSourcesBuildPhase;
			buildActionMask = 2147483647;
			files = (
				ABF4F70F214EE1790091EDA2 /* ViewController.swift in Sources */,
				ABF4F70D214EE1790091EDA2 /* AppDelegate.swift in Sources */,
				ABF4F715214EE1790091EDA2 /* ImagesAndCamera.xcdatamodeld in Sources */,
			);
			runOnlyForDeploymentPostprocessing = 0;
		};
/* End PBXSourcesBuildPhase section */

/* Begin PBXVariantGroup section */
		ABF4F710214EE1790091EDA2 /* Main.storyboard */ = {
			isa = PBXVariantGroup;
			children = (
				ABF4F711214EE1790091EDA2 /* Base */,
			);
			name = Main.storyboard;
			sourceTree = "<group>";
		};
		ABF4F718214EE17A0091EDA2 /* LaunchScreen.storyboard */ = {
			isa = PBXVariantGroup;
			children = (
				ABF4F719214EE17A0091EDA2 /* Base */,
			);
			name = LaunchScreen.storyboard;
			sourceTree = "<group>";
		};
/* End PBXVariantGroup section */

/* Begin XCBuildConfiguration section */
		ABF4F71C214EE17A0091EDA2 /* Debug */ = {
			isa = XCBuildConfiguration;
			buildSettings = {
				ALWAYS_SEARCH_USER_PATHS = NO;
				CLANG_ANALYZER_NONNULL = YES;
				CLANG_ANALYZER_NUMBER_OBJECT_CONVERSION = YES_AGGRESSIVE;
				CLANG_CXX_LANGUAGE_STANDARD = "gnu++14";
				CLANG_CXX_LIBRARY = "libc++";
				CLANG_ENABLE_MODULES = YES;
				CLANG_ENABLE_OBJC_ARC = YES;
				CLANG_ENABLE_OBJC_WEAK = YES;
				CLANG_WARN_BLOCK_CAPTURE_AUTORELEASING = YES;
				CLANG_WARN_BOOL_CONVERSION = YES;
				CLANG_WARN_COMMA = YES;
				CLANG_WARN_CONSTANT_CONVERSION = YES;
				CLANG_WARN_DEPRECATED_OBJC_IMPLEMENTATIONS = YES;
				CLANG_WARN_DIRECT_OBJC_ISA_USAGE = YES_ERROR;
				CLANG_WARN_DOCUMENTATION_COMMENTS = YES;
				CLANG_WARN_EMPTY_BODY = YES;
				CLANG_WARN_ENUM_CONVERSION = YES;
				CLANG_WARN_INFINITE_RECURSION = YES;
				CLANG_WARN_INT_CONVERSION = YES;
				CLANG_WARN_NON_LITERAL_NULL_CONVERSION = YES;
				CLANG_WARN_OBJC_IMPLICIT_RETAIN_SELF = YES;
				CLANG_WARN_OBJC_LITERAL_CONVERSION = YES;
				CLANG_WARN_OBJC_ROOT_CLASS = YES_ERROR;
				CLANG_WARN_RANGE_LOOP_ANALYSIS = YES;
				CLANG_WARN_STRICT_PROTOTYPES = YES;
				CLANG_WARN_SUSPICIOUS_MOVE = YES;
				CLANG_WARN_UNGUARDED_AVAILABILITY = YES_AGGRESSIVE;
				CLANG_WARN_UNREACHABLE_CODE = YES;
				CLANG_WARN__DUPLICATE_METHOD_MATCH = YES;
				CODE_SIGN_IDENTITY = "iPhone Developer";
				COPY_PHASE_STRIP = NO;
				DEBUG_INFORMATION_FORMAT = dwarf;
				ENABLE_STRICT_OBJC_MSGSEND = YES;
				ENABLE_TESTABILITY = YES;
				GCC_C_LANGUAGE_STANDARD = gnu11;
				GCC_DYNAMIC_NO_PIC = NO;
				GCC_NO_COMMON_BLOCKS = YES;
				GCC_OPTIMIZATION_LEVEL = 0;
				GCC_PREPROCESSOR_DEFINITIONS = (
					"DEBUG=1",
					"$(inherited)",
				);
				GCC_WARN_64_TO_32_BIT_CONVERSION = YES;
				GCC_WARN_ABOUT_RETURN_TYPE = YES_ERROR;
				GCC_WARN_UNDECLARED_SELECTOR = YES;
				GCC_WARN_UNINITIALIZED_AUTOS = YES_AGGRESSIVE;
				GCC_WARN_UNUSED_FUNCTION = YES;
				GCC_WARN_UNUSED_VARIABLE = YES;
				IPHONEOS_DEPLOYMENT_TARGET = 11.4;
				MTL_ENABLE_DEBUG_INFO = YES;
				ONLY_ACTIVE_ARCH = YES;
				SDKROOT = iphoneos;
				SWIFT_ACTIVE_COMPILATION_CONDITIONS = DEBUG;
				SWIFT_OPTIMIZATION_LEVEL = "-Onone";
			};
			name = Debug;
		};
		ABF4F71D214EE17A0091EDA2 /* Release */ = {
			isa = XCBuildConfiguration;
			buildSettings = {
				ALWAYS_SEARCH_USER_PATHS = NO;
				CLANG_ANALYZER_NONNULL = YES;
				CLANG_ANALYZER_NUMBER_OBJECT_CONVERSION = YES_AGGRESSIVE;
				CLANG_CXX_LANGUAGE_STANDARD = "gnu++14";
				CLANG_CXX_LIBRARY = "libc++";
				CLANG_ENABLE_MODULES = YES;
				CLANG_ENABLE_OBJC_ARC = YES;
				CLANG_ENABLE_OBJC_WEAK = YES;
				CLANG_WARN_BLOCK_CAPTURE_AUTORELEASING = YES;
				CLANG_WARN_BOOL_CONVERSION = YES;
				CLANG_WARN_COMMA = YES;
				CLANG_WARN_CONSTANT_CONVERSION = YES;
				CLANG_WARN_DEPRECATED_OBJC_IMPLEMENTATIONS = YES;
				CLANG_WARN_DIRECT_OBJC_ISA_USAGE = YES_ERROR;
				CLANG_WARN_DOCUMENTATION_COMMENTS = YES;
				CLANG_WARN_EMPTY_BODY = YES;
				CLANG_WARN_ENUM_CONVERSION = YES;
				CLANG_WARN_INFINITE_RECURSION = YES;
				CLANG_WARN_INT_CONVERSION = YES;
				CLANG_WARN_NON_LITERAL_NULL_CONVERSION = YES;
				CLANG_WARN_OBJC_IMPLICIT_RETAIN_SELF = YES;
				CLANG_WARN_OBJC_LITERAL_CONVERSION = YES;
				CLANG_WARN_OBJC_ROOT_CLASS = YES_ERROR;
				CLANG_WARN_RANGE_LOOP_ANALYSIS = YES;
				CLANG_WARN_STRICT_PROTOTYPES = YES;
				CLANG_WARN_SUSPICIOUS_MOVE = YES;
				CLANG_WARN_UNGUARDED_AVAILABILITY = YES_AGGRESSIVE;
				CLANG_WARN_UNREACHABLE_CODE = YES;
				CLANG_WARN__DUPLICATE_METHOD_MATCH = YES;
				CODE_SIGN_IDENTITY = "iPhone Developer";
				COPY_PHASE_STRIP = NO;
				DEBUG_INFORMATION_FORMAT = "dwarf-with-dsym";
				ENABLE_NS_ASSERTIONS = NO;
				ENABLE_STRICT_OBJC_MSGSEND = YES;
				GCC_C_LANGUAGE_STANDARD = gnu11;
				GCC_NO_COMMON_BLOCKS = YES;
				GCC_WARN_64_TO_32_BIT_CONVERSION = YES;
				GCC_WARN_ABOUT_RETURN_TYPE = YES_ERROR;
				GCC_WARN_UNDECLARED_SELECTOR = YES;
				GCC_WARN_UNINITIALIZED_AUTOS = YES_AGGRESSIVE;
				GCC_WARN_UNUSED_FUNCTION = YES;
				GCC_WARN_UNUSED_VARIABLE = YES;
				IPHONEOS_DEPLOYMENT_TARGET = 11.4;
				MTL_ENABLE_DEBUG_INFO = NO;
				SDKROOT = iphoneos;
				SWIFT_COMPILATION_MODE = wholemodule;
				SWIFT_OPTIMIZATION_LEVEL = "-O";
				VALIDATE_PRODUCT = YES;
			};
			name = Release;
		};
		ABF4F71F214EE17A0091EDA2 /* Debug */ = {
			isa = XCBuildConfiguration;
			buildSettings = {
				ASSETCATALOG_COMPILER_APPICON_NAME = AppIcon;
				CODE_SIGN_STYLE = Automatic;
				DEVELOPMENT_TEAM = M4FL238H63;
				INFOPLIST_FILE = ImagesAndCamera/Info.plist;
				LD_RUNPATH_SEARCH_PATHS = (
					"$(inherited)",
					"@executable_path/Frameworks",
				);
				PRODUCT_BUNDLE_IDENTIFIER = com.udemy.ImagesAndCamera;
				PRODUCT_NAME = "$(TARGET_NAME)";
				SWIFT_VERSION = 4.0;
				TARGETED_DEVICE_FAMILY = "1,2";
			};
			name = Debug;
		};
		ABF4F720214EE17A0091EDA2 /* Release */ = {
			isa = XCBuildConfiguration;
			buildSettings = {
				ASSETCATALOG_COMPILER_APPICON_NAME = AppIcon;
				CODE_SIGN_STYLE = Automatic;
				DEVELOPMENT_TEAM = M4FL238H63;
				INFOPLIST_FILE = ImagesAndCamera/Info.plist;
				LD_RUNPATH_SEARCH_PATHS = (
					"$(inherited)",
					"@executable_path/Frameworks",
				);
				PRODUCT_BUNDLE_IDENTIFIER = com.udemy.ImagesAndCamera;
				PRODUCT_NAME = "$(TARGET_NAME)";
				SWIFT_VERSION = 4.0;
				TARGETED_DEVICE_FAMILY = "1,2";
			};
			name = Release;
		};
/* End XCBuildConfiguration section */

/* Begin XCConfigurationList section */
		ABF4F704214EE1780091EDA2 /* Build configuration list for PBXProject "ImagesAndCamera" */ = {
			isa = XCConfigurationList;
			buildConfigurations = (
				ABF4F71C214EE17A0091EDA2 /* Debug */,
				ABF4F71D214EE17A0091EDA2 /* Release */,
			);
			defaultConfigurationIsVisible = 0;
			defaultConfigurationName = Release;
		};
		ABF4F71E214EE17A0091EDA2 /* Build configuration list for PBXNativeTarget "ImagesAndCamera" */ = {
			isa = XCConfigurationList;
			buildConfigurations = (
				ABF4F71F214EE17A0091EDA2 /* Debug */,
				ABF4F720214EE17A0091EDA2 /* Release */,
			);
			defaultConfigurationIsVisible = 0;
			defaultConfigurationName = Release;
		};
/* End XCConfigurationList section */

/* Begin XCVersionGroup section */
		ABF4F713214EE1790091EDA2 /* ImagesAndCamera.xcdatamodeld */ = {
			isa = XCVersionGroup;
			children = (
				ABF4F714214EE1790091EDA2 /* ImagesAndCamera.xcdatamodel */,
			);
			currentVersion = ABF4F714214EE1790091EDA2 /* ImagesAndCamera.xcdatamodel */;
			path = ImagesAndCamera.xcdatamodeld;
			sourceTree = "<group>";
			versionGroupType = wrapper.xcdatamodel;
		};
/* End XCVersionGroup section */
	};
	rootObject = ABF4F701214EE1780091EDA2 /* Project object */;
}
